Microsoft Visual Studio Solution File, Format Version 12.00
# Visual Studio 15
VisualStudioVersion = 15.0.26124.0
MinimumVisualStudioVersion = 15.0.26124.0
Project("{9A19103F-16F7-4668-BE54-9A1E7A4F7556}") = "sXb-tests", "sXb-tests\sXb-tests.csproj", "{72DBA4D3-3B19-45F4-954E-466D3C4D689C}"
EndProject
Project("{9A19103F-16F7-4668-BE54-9A1E7A4F7556}") = "sXb-service", "sXb-service\sXb-service.csproj", "{A2412B90-38A1-4530-8D17-542CD004C82D}"
EndProject
Project("{9A19103F-16F7-4668-BE54-9A1E7A4F7556}") = "sXb-integration-tests", "sXb-integration-tests\sXb-integration-tests.csproj", "{5DE0F0AF-8A56-41FB-91A9-BC394C8D1037}"
EndProject
Global
	GlobalSection(SolutionConfigurationPlatforms) = preSolution
		Debug|Any CPU = Debug|Any CPU
		Debug|x64 = Debug|x64
		Debug|x86 = Debug|x86
		Release|Any CPU = Release|Any CPU
		Release|x64 = Release|x64
		Release|x86 = Release|x86
	EndGlobalSection
	GlobalSection(ProjectConfigurationPlatforms) = postSolution
		{72DBA4D3-3B19-45F4-954E-466D3C4D689C}.Debug|Any CPU.ActiveCfg = Debug|Any CPU
		{72DBA4D3-3B19-45F4-954E-466D3C4D689C}.Debug|Any CPU.Build.0 = Debug|Any CPU
		{72DBA4D3-3B19-45F4-954E-466D3C4D689C}.Debug|x64.ActiveCfg = Debug|Any CPU
		{72DBA4D3-3B19-45F4-954E-466D3C4D689C}.Debug|x64.Build.0 = Debug|Any CPU
		{72DBA4D3-3B19-45F4-954E-466D3C4D689C}.Debug|x86.ActiveCfg = Debug|Any CPU
		{72DBA4D3-3B19-45F4-954E-466D3C4D689C}.Debug|x86.Build.0 = Debug|Any CPU
		{72DBA4D3-3B19-45F4-954E-466D3C4D689C}.Release|Any CPU.ActiveCfg = Release|Any CPU
		{72DBA4D3-3B19-45F4-954E-466D3C4D689C}.Release|Any CPU.Build.0 = Release|Any CPU
		{72DBA4D3-3B19-45F4-954E-466D3C4D689C}.Release|x64.ActiveCfg = Release|Any CPU
		{72DBA4D3-3B19-45F4-954E-466D3C4D689C}.Release|x64.Build.0 = Release|Any CPU
		{72DBA4D3-3B19-45F4-954E-466D3C4D689C}.Release|x86.ActiveCfg = Release|Any CPU
		{72DBA4D3-3B19-45F4-954E-466D3C4D689C}.Release|x86.Build.0 = Release|Any CPU
		{A2412B90-38A1-4530-8D17-542CD004C82D}.Debug|Any CPU.ActiveCfg = Debug|Any CPU
		{A2412B90-38A1-4530-8D17-542CD004C82D}.Debug|Any CPU.Build.0 = Debug|Any CPU
		{A2412B90-38A1-4530-8D17-542CD004C82D}.Debug|x64.ActiveCfg = Debug|Any CPU
		{A2412B90-38A1-4530-8D17-542CD004C82D}.Debug|x64.Build.0 = Debug|Any CPU
		{A2412B90-38A1-4530-8D17-542CD004C82D}.Debug|x86.ActiveCfg = Debug|Any CPU
		{A2412B90-38A1-4530-8D17-542CD004C82D}.Debug|x86.Build.0 = Debug|Any CPU
		{A2412B90-38A1-4530-8D17-542CD004C82D}.Release|Any CPU.ActiveCfg = Release|Any CPU
		{A2412B90-38A1-4530-8D17-542CD004C82D}.Release|Any CPU.Build.0 = Release|Any CPU
		{A2412B90-38A1-4530-8D17-542CD004C82D}.Release|x64.ActiveCfg = Release|Any CPU
		{A2412B90-38A1-4530-8D17-542CD004C82D}.Release|x64.Build.0 = Release|Any CPU
		{A2412B90-38A1-4530-8D17-542CD004C82D}.Release|x86.ActiveCfg = Release|Any CPU
		{A2412B90-38A1-4530-8D17-542CD004C82D}.Release|x86.Build.0 = Release|Any CPU
		{5DE0F0AF-8A56-41FB-91A9-BC394C8D1037}.Debug|Any CPU.ActiveCfg = Debug|Any CPU
		{5DE0F0AF-8A56-41FB-91A9-BC394C8D1037}.Debug|Any CPU.Build.0 = Debug|Any CPU
		{5DE0F0AF-8A56-41FB-91A9-BC394C8D1037}.Debug|x64.ActiveCfg = Debug|Any CPU
		{5DE0F0AF-8A56-41FB-91A9-BC394C8D1037}.Debug|x64.Build.0 = Debug|Any CPU
		{5DE0F0AF-8A56-41FB-91A9-BC394C8D1037}.Debug|x86.ActiveCfg = Debug|Any CPU
		{5DE0F0AF-8A56-41FB-91A9-BC394C8D1037}.Debug|x86.Build.0 = Debug|Any CPU
		{5DE0F0AF-8A56-41FB-91A9-BC394C8D1037}.Release|Any CPU.ActiveCfg = Release|Any CPU
		{5DE0F0AF-8A56-41FB-91A9-BC394C8D1037}.Release|Any CPU.Build.0 = Release|Any CPU
		{5DE0F0AF-8A56-41FB-91A9-BC394C8D1037}.Release|x64.ActiveCfg = Release|Any CPU
		{5DE0F0AF-8A56-41FB-91A9-BC394C8D1037}.Release|x64.Build.0 = Release|Any CPU
		{5DE0F0AF-8A56-41FB-91A9-BC394C8D1037}.Release|x86.ActiveCfg = Release|Any CPU
		{5DE0F0AF-8A56-41FB-91A9-BC394C8D1037}.Release|x86.Build.0 = Release|Any CPU
	EndGlobalSection
	GlobalSection(SolutionProperties) = preSolution
		HideSolutionNode = FALSE
	EndGlobalSection
	GlobalSection(ExtensibilityGlobals) = postSolution
		SolutionGuid = {B6ED1C0B-B74F-4ED8-8EA6-3C6DD19853E9}
	EndGlobalSection
EndGlobal
