
Microsoft Visual Studio Solution File, Format Version 12.00
# Visual Studio 15
VisualStudioVersion = 15.0.26124.0
MinimumVisualStudioVersion = 15.0.26124.0
Project("{FAE04EC0-301F-11D3-BF4B-00C04F79EFBC}") = "sXb-service", "sXb-service\sXb-service.csproj", "{67D13AF1-CEA8-432A-A6CB-7FE9785A504C}"
EndProject
Project("{FAE04EC0-301F-11D3-BF4B-00C04F79EFBC}") = "sXb-tests", "sXb-tests\sXb-tests.csproj", "{72DBA4D3-3B19-45F4-954E-466D3C4D689C}"
EndProject
Project("{FAE04EC0-301F-11D3-BF4B-00C04F79EFBC}") = "sXb-DAL", "sXb-DAL\sXb-DAL.csproj", "{0D6C88C0-CF1F-40D4-A603-A11BEC5C8AAD}"
EndProject
Project("{FAE04EC0-301F-11D3-BF4B-00C04F79EFBC}") = "sXb-models", "sXb-models\sXb-models.csproj", "{EDB4B640-1A09-491F-8331-2B3F2F71A8B6}"
EndProject
Global
	GlobalSection(SolutionConfigurationPlatforms) = preSolution
		Debug|Any CPU = Debug|Any CPU
		Debug|x64 = Debug|x64
		Debug|x86 = Debug|x86
		Release|Any CPU = Release|Any CPU
		Release|x64 = Release|x64
		Release|x86 = Release|x86
	EndGlobalSection
	GlobalSection(SolutionProperties) = preSolution
		HideSolutionNode = FALSE
	EndGlobalSection
	GlobalSection(ProjectConfigurationPlatforms) = postSolution
		{67D13AF1-CEA8-432A-A6CB-7FE9785A504C}.Debug|Any CPU.ActiveCfg = Debug|Any CPU
		{67D13AF1-CEA8-432A-A6CB-7FE9785A504C}.Debug|Any CPU.Build.0 = Debug|Any CPU
		{67D13AF1-CEA8-432A-A6CB-7FE9785A504C}.Debug|x64.ActiveCfg = Debug|Any CPU
		{67D13AF1-CEA8-432A-A6CB-7FE9785A504C}.Debug|x64.Build.0 = Debug|Any CPU
		{67D13AF1-CEA8-432A-A6CB-7FE9785A504C}.Debug|x86.ActiveCfg = Debug|Any CPU
		{67D13AF1-CEA8-432A-A6CB-7FE9785A504C}.Debug|x86.Build.0 = Debug|Any CPU
		{67D13AF1-CEA8-432A-A6CB-7FE9785A504C}.Release|Any CPU.ActiveCfg = Release|Any CPU
		{67D13AF1-CEA8-432A-A6CB-7FE9785A504C}.Release|Any CPU.Build.0 = Release|Any CPU
		{67D13AF1-CEA8-432A-A6CB-7FE9785A504C}.Release|x64.ActiveCfg = Release|Any CPU
		{67D13AF1-CEA8-432A-A6CB-7FE9785A504C}.Release|x64.Build.0 = Release|Any CPU
		{67D13AF1-CEA8-432A-A6CB-7FE9785A504C}.Release|x86.ActiveCfg = Release|Any CPU
		{67D13AF1-CEA8-432A-A6CB-7FE9785A504C}.Release|x86.Build.0 = Release|Any CPU
		{72DBA4D3-3B19-45F4-954E-466D3C4D689C}.Debug|Any CPU.ActiveCfg = Debug|Any CPU
		{72DBA4D3-3B19-45F4-954E-466D3C4D689C}.Debug|Any CPU.Build.0 = Debug|Any CPU
		{72DBA4D3-3B19-45F4-954E-466D3C4D689C}.Debug|x64.ActiveCfg = Debug|Any CPU
		{72DBA4D3-3B19-45F4-954E-466D3C4D689C}.Debug|x64.Build.0 = Debug|Any CPU
		{72DBA4D3-3B19-45F4-954E-466D3C4D689C}.Debug|x86.ActiveCfg = Debug|Any CPU
		{72DBA4D3-3B19-45F4-954E-466D3C4D689C}.Debug|x86.Build.0 = Debug|Any CPU
		{72DBA4D3-3B19-45F4-954E-466D3C4D689C}.Release|Any CPU.ActiveCfg = Release|Any CPU
		{72DBA4D3-3B19-45F4-954E-466D3C4D689C}.Release|Any CPU.Build.0 = Release|Any CPU
		{72DBA4D3-3B19-45F4-954E-466D3C4D689C}.Release|x64.ActiveCfg = Release|Any CPU
		{72DBA4D3-3B19-45F4-954E-466D3C4D689C}.Release|x64.Build.0 = Release|Any CPU
		{72DBA4D3-3B19-45F4-954E-466D3C4D689C}.Release|x86.ActiveCfg = Release|Any CPU
		{72DBA4D3-3B19-45F4-954E-466D3C4D689C}.Release|x86.Build.0 = Release|Any CPU
		{0D6C88C0-CF1F-40D4-A603-A11BEC5C8AAD}.Debug|Any CPU.ActiveCfg = Debug|Any CPU
		{0D6C88C0-CF1F-40D4-A603-A11BEC5C8AAD}.Debug|Any CPU.Build.0 = Debug|Any CPU
		{0D6C88C0-CF1F-40D4-A603-A11BEC5C8AAD}.Debug|x64.ActiveCfg = Debug|Any CPU
		{0D6C88C0-CF1F-40D4-A603-A11BEC5C8AAD}.Debug|x64.Build.0 = Debug|Any CPU
		{0D6C88C0-CF1F-40D4-A603-A11BEC5C8AAD}.Debug|x86.ActiveCfg = Debug|Any CPU
		{0D6C88C0-CF1F-40D4-A603-A11BEC5C8AAD}.Debug|x86.Build.0 = Debug|Any CPU
		{0D6C88C0-CF1F-40D4-A603-A11BEC5C8AAD}.Release|Any CPU.ActiveCfg = Release|Any CPU
		{0D6C88C0-CF1F-40D4-A603-A11BEC5C8AAD}.Release|Any CPU.Build.0 = Release|Any CPU
		{0D6C88C0-CF1F-40D4-A603-A11BEC5C8AAD}.Release|x64.ActiveCfg = Release|Any CPU
		{0D6C88C0-CF1F-40D4-A603-A11BEC5C8AAD}.Release|x64.Build.0 = Release|Any CPU
		{0D6C88C0-CF1F-40D4-A603-A11BEC5C8AAD}.Release|x86.ActiveCfg = Release|Any CPU
		{0D6C88C0-CF1F-40D4-A603-A11BEC5C8AAD}.Release|x86.Build.0 = Release|Any CPU
		{EDB4B640-1A09-491F-8331-2B3F2F71A8B6}.Debug|Any CPU.ActiveCfg = Debug|Any CPU
		{EDB4B640-1A09-491F-8331-2B3F2F71A8B6}.Debug|Any CPU.Build.0 = Debug|Any CPU
		{EDB4B640-1A09-491F-8331-2B3F2F71A8B6}.Debug|x64.ActiveCfg = Debug|Any CPU
		{EDB4B640-1A09-491F-8331-2B3F2F71A8B6}.Debug|x64.Build.0 = Debug|Any CPU
		{EDB4B640-1A09-491F-8331-2B3F2F71A8B6}.Debug|x86.ActiveCfg = Debug|Any CPU
		{EDB4B640-1A09-491F-8331-2B3F2F71A8B6}.Debug|x86.Build.0 = Debug|Any CPU
		{EDB4B640-1A09-491F-8331-2B3F2F71A8B6}.Release|Any CPU.ActiveCfg = Release|Any CPU
		{EDB4B640-1A09-491F-8331-2B3F2F71A8B6}.Release|Any CPU.Build.0 = Release|Any CPU
		{EDB4B640-1A09-491F-8331-2B3F2F71A8B6}.Release|x64.ActiveCfg = Release|Any CPU
		{EDB4B640-1A09-491F-8331-2B3F2F71A8B6}.Release|x64.Build.0 = Release|Any CPU
		{EDB4B640-1A09-491F-8331-2B3F2F71A8B6}.Release|x86.ActiveCfg = Release|Any CPU
		{EDB4B640-1A09-491F-8331-2B3F2F71A8B6}.Release|x86.Build.0 = Release|Any CPU
	EndGlobalSection
EndGlobal
